
Microsoft Visual Studio Solution File, Format Version 12.00
# Visual Studio Version 17
VisualStudioVersion = 17.8.34525.116
MinimumVisualStudioVersion = 10.0.40219.1
Project("{FAE04EC0-301F-11D3-BF4B-00C04F79EFBC}") = "URLCSharp", "URLCSharp\URLCSharp.csproj", "{7E8593F1-0E67-4E76-9EBE-08E8778D1AE7}"
EndProject
Global
	GlobalSection(SolutionConfigurationPlatforms) = preSolution
		Debug|Any CPU = Debug|Any CPU
		Release|Any CPU = Release|Any CPU
	EndGlobalSection
	GlobalSection(ProjectConfigurationPlatforms) = postSolution
		{7E8593F1-0E67-4E76-9EBE-08E8778D1AE7}.Debug|Any CPU.ActiveCfg = Debug|Any CPU
		{7E8593F1-0E67-4E76-9EBE-08E8778D1AE7}.Debug|Any CPU.Build.0 = Debug|Any CPU
		{7E8593F1-0E67-4E76-9EBE-08E8778D1AE7}.Release|Any CPU.ActiveCfg = Release|Any CPU
		{7E8593F1-0E67-4E76-9EBE-08E8778D1AE7}.Release|Any CPU.Build.0 = Release|Any CPU
	EndGlobalSection
	GlobalSection(SolutionProperties) = preSolution
		HideSolutionNode = FALSE
	EndGlobalSection
	GlobalSection(ExtensibilityGlobals) = postSolution
		SolutionGuid = {60A2D7C8-5D96-440F-AA66-FE7D5D89B861}
	EndGlobalSection
EndGlobal
